{
  "name": "@spearly/spear-monorepo",
  "version": "0.1.0",
  "lockfileVersion": 2,
  "requires": true,
  "packages": {
    "": {
      "name": "@spearly/spear-monorepo",
      "version": "0.1.0",
      "license": "ISC",
      "bin": {
        "spear": "dist/index.js"
      },
      "devDependencies": {
        "lefthook": "^1.4.2",
        "pnpm": "^7.18.2"
      }
    },
    "node_modules/lefthook": {
      "version": "1.4.2",
      "resolved": "https://registry.npmjs.org/lefthook/-/lefthook-1.4.2.tgz",
      "integrity": "sha512-T7fvI7WXEZGUcaeuLckAzL5EURi6x5fkoBYjeiJ1u2ix2/A4Xjlca/lGQzgrqVWyCaHKeW5QkhR2tXwiubuLlw==",
      "dev": true,
      "hasInstallScript": true,
      "bin": {
        "lefthook": "bin/index.js"
      },
      "optionalDependencies": {
        "lefthook-darwin-arm64": "1.4.2",
        "lefthook-darwin-x64": "1.4.2",
        "lefthook-freebsd-arm64": "1.4.2",
        "lefthook-freebsd-x64": "1.4.2",
        "lefthook-linux-arm64": "1.4.2",
        "lefthook-linux-x64": "1.4.2",
        "lefthook-windows-arm64": "1.4.2",
        "lefthook-windows-x64": "1.4.2"
      }
    },
    "node_modules/lefthook-darwin-arm64": {
      "version": "1.4.2",
      "resolved": "https://registry.npmjs.org/lefthook-darwin-arm64/-/lefthook-darwin-arm64-1.4.2.tgz",
      "integrity": "sha512-1tyNoHbjIuGa3xWWoMwaX5cF3EjRYCZSomMDPiHnIom1dxa/p3nSaF0thJSnQRlXNddsisH+t6vWOmccgukCWA==",
      "cpu": [
        "arm64"
      ],
      "dev": true,
      "optional": true,
      "os": [
        "darwin"
      ]
    },
    "node_modules/lefthook-darwin-x64": {
      "version": "1.4.2",
      "resolved": "https://registry.npmjs.org/lefthook-darwin-x64/-/lefthook-darwin-x64-1.4.2.tgz",
      "integrity": "sha512-+CcLTMvNTOdP2E7qHnAiSn1xtNeMLbhykyJOe/7Dd5beAv4BZ94ZnuoH74RIgyBALeZxpUeOdwJNI3Nc8Pg6+A==",
      "cpu": [
        "x64"
      ],
      "dev": true,
      "optional": true,
      "os": [
        "darwin"
      ]
    },
    "node_modules/lefthook-freebsd-arm64": {
      "version": "1.4.2",
      "resolved": "https://registry.npmjs.org/lefthook-freebsd-arm64/-/lefthook-freebsd-arm64-1.4.2.tgz",
      "integrity": "sha512-uT0PR66ZEMzaFco+eTn/3jYzf47vt0UQM6u5eWPdYoUQTbYavvpsecyGw6YyhIaIYVOwbK8Gaf2YVJMvZFEyLA==",
      "cpu": [
        "arm64"
      ],
      "dev": true,
      "optional": true,
      "os": [
        "freebsd"
      ]
    },
    "node_modules/lefthook-freebsd-x64": {
      "version": "1.4.2",
      "resolved": "https://registry.npmjs.org/lefthook-freebsd-x64/-/lefthook-freebsd-x64-1.4.2.tgz",
      "integrity": "sha512-4FaBXxenytECD1R3qM/VTVSqp7E3mlKBtm5dDVGXNMBIsTXiEP/qkuk3nteIUnhgjQv0Ma23V0v7KTmNlo1oXA==",
      "cpu": [
        "x64"
      ],
      "dev": true,
      "optional": true,
      "os": [
        "freebsd"
      ]
    },
    "node_modules/lefthook-linux-arm64": {
      "version": "1.4.2",
      "resolved": "https://registry.npmjs.org/lefthook-linux-arm64/-/lefthook-linux-arm64-1.4.2.tgz",
      "integrity": "sha512-RzI1j6LPW1y4dqrVSBv/B/Sipa9Bp9LP0TB9BRB0CmxIqerFe90x9wVp3vAAkodGHv/B7Xa5f1OAibwkSbtTkw==",
      "cpu": [
        "arm64"
      ],
      "dev": true,
      "optional": true,
      "os": [
        "linux"
      ]
    },
    "node_modules/lefthook-linux-x64": {
      "version": "1.4.2",
      "resolved": "https://registry.npmjs.org/lefthook-linux-x64/-/lefthook-linux-x64-1.4.2.tgz",
      "integrity": "sha512-huBfLsIPVfdU0jPnGCvJ4e39JdkXKsbb0Dr+fzAhLNhcg6Touo6y/pwDbW5zfeN2hu0EdhzT0p0a28FGsV9dEQ==",
      "cpu": [
        "x64"
      ],
      "dev": true,
      "optional": true,
      "os": [
        "linux"
      ]
    },
    "node_modules/lefthook-windows-arm64": {
      "version": "1.4.2",
      "resolved": "https://registry.npmjs.org/lefthook-windows-arm64/-/lefthook-windows-arm64-1.4.2.tgz",
      "integrity": "sha512-vzx6jbyLkAncE7UB3IB9HJqoFFZpGaxnp6zVimvDDOUSAOLKgbF+jJHgXlX8j6kzs/rZAoYmA0oR48dpUcUNQw==",
      "cpu": [
        "arm64"
      ],
      "dev": true,
      "optional": true,
      "os": [
        "win32"
      ]
    },
    "node_modules/lefthook-windows-x64": {
      "version": "1.4.2",
      "resolved": "https://registry.npmjs.org/lefthook-windows-x64/-/lefthook-windows-x64-1.4.2.tgz",
      "integrity": "sha512-sXTlvUITYzBIpNwlQO6Oa8nIB9GV4cUPmf6wdyPn1dv/1qa1+0ROgeROJzLYj2v+NtiJ2aIHTjaOXiBeoZCISA==",
      "cpu": [
        "x64"
      ],
      "dev": true,
      "optional": true,
      "os": [
        "win32"
      ]
    },
    "node_modules/pnpm": {
      "version": "7.18.2",
      "resolved": "https://registry.npmjs.org/pnpm/-/pnpm-7.18.2.tgz",
      "integrity": "sha512-k3LCdsrTPqL4dVgCgjpdWHcwzhEA/YCu2ZFR/+EiFy91azuRQcWgQbYf5rPkYu5x1Dl8+2KtXKTlDcrSx5hnQw==",
      "dev": true,
      "bin": {
        "pnpm": "bin/pnpm.cjs",
        "pnpx": "bin/pnpx.cjs"
      },
      "engines": {
        "node": ">=14.6"
      },
      "funding": {
        "url": "https://opencollective.com/pnpm"
      }
    },
    "packages/spear-cli": {
      "name": "@spearly/spear-cli",
      "version": "1.0.17",
      "extraneous": true,
      "license": "ISC",
      "dependencies": {
        "@types/live-server": "^1.2.1",
        "argparse": "^2.0.1",
        "chalk": "^5.0.1",
        "fs-extra": "^11.1.0",
        "glob": "^8.0.3",
        "gradient-string": "^2.0.1",
        "html-minifier-terser": "^7.0.0-beta.0",
        "inquirer": "^9.0.2",
        "live-server": "^1.2.2",
        "node-html-parser": "^5.3.3",
        "node-watch": "^0.7.3"
      },
      "bin": {
        "spear": "dist/index.js"
      },
      "devDependencies": {
        "@types/argparse": "^2.0.10",
        "@types/glob": "^7.2.0",
        "@types/gradient-string": "^1.1.2",
        "@types/html-minifier-terser": "^6.1.0",
        "@types/inquirer": "^8.2.1",
        "@types/node": "^18.6.2",
        "nodemon": "^2.0.19",
        "npm-run-all": "^4.1.5",
        "typescript": "^4.7.4"
      }
    },
    "packages/spearly-cms-js-core": {
      "name": "@spearly/cms-js-core",
      "version": "1.0.0",
      "extraneous": true,
      "license": "ISC",
      "dependencies": {
        "node-html-parser": "^6.1.4"
      },
      "devDependencies": {
        "@spearly/sdk-js": "^0.5.0",
        "@types/jest": "^29.2.3",
        "jest": "^29.3.1",
        "nodemon": "^2.0.19",
        "ts-jest": "^29.0.3",
        "ts-node": "^10.9.1",
        "typescript": "^4.6.4"
      }
    }
  },
  "dependencies": {
    "lefthook": {
      "version": "1.4.2",
      "resolved": "https://registry.npmjs.org/lefthook/-/lefthook-1.4.2.tgz",
      "integrity": "sha512-T7fvI7WXEZGUcaeuLckAzL5EURi6x5fkoBYjeiJ1u2ix2/A4Xjlca/lGQzgrqVWyCaHKeW5QkhR2tXwiubuLlw==",
      "dev": true,
      "requires": {
        "lefthook-darwin-arm64": "1.4.2",
        "lefthook-darwin-x64": "1.4.2",
        "lefthook-freebsd-arm64": "1.4.2",
        "lefthook-freebsd-x64": "1.4.2",
        "lefthook-linux-arm64": "1.4.2",
        "lefthook-linux-x64": "1.4.2",
        "lefthook-windows-arm64": "1.4.2",
        "lefthook-windows-x64": "1.4.2"
      }
    },
    "lefthook-darwin-arm64": {
      "version": "1.4.2",
      "resolved": "https://registry.npmjs.org/lefthook-darwin-arm64/-/lefthook-darwin-arm64-1.4.2.tgz",
      "integrity": "sha512-1tyNoHbjIuGa3xWWoMwaX5cF3EjRYCZSomMDPiHnIom1dxa/p3nSaF0thJSnQRlXNddsisH+t6vWOmccgukCWA==",
      "dev": true,
      "optional": true
    },
    "lefthook-darwin-x64": {
      "version": "1.4.2",
      "resolved": "https://registry.npmjs.org/lefthook-darwin-x64/-/lefthook-darwin-x64-1.4.2.tgz",
      "integrity": "sha512-+CcLTMvNTOdP2E7qHnAiSn1xtNeMLbhykyJOe/7Dd5beAv4BZ94ZnuoH74RIgyBALeZxpUeOdwJNI3Nc8Pg6+A==",
      "dev": true,
      "optional": true
    },
    "lefthook-freebsd-arm64": {
      "version": "1.4.2",
      "resolved": "https://registry.npmjs.org/lefthook-freebsd-arm64/-/lefthook-freebsd-arm64-1.4.2.tgz",
      "integrity": "sha512-uT0PR66ZEMzaFco+eTn/3jYzf47vt0UQM6u5eWPdYoUQTbYavvpsecyGw6YyhIaIYVOwbK8Gaf2YVJMvZFEyLA==",
      "dev": true,
      "optional": true
    },
    "lefthook-freebsd-x64": {
      "version": "1.4.2",
      "resolved": "https://registry.npmjs.org/lefthook-freebsd-x64/-/lefthook-freebsd-x64-1.4.2.tgz",
      "integrity": "sha512-4FaBXxenytECD1R3qM/VTVSqp7E3mlKBtm5dDVGXNMBIsTXiEP/qkuk3nteIUnhgjQv0Ma23V0v7KTmNlo1oXA==",
      "dev": true,
      "optional": true
    },
    "lefthook-linux-arm64": {
      "version": "1.4.2",
      "resolved": "https://registry.npmjs.org/lefthook-linux-arm64/-/lefthook-linux-arm64-1.4.2.tgz",
      "integrity": "sha512-RzI1j6LPW1y4dqrVSBv/B/Sipa9Bp9LP0TB9BRB0CmxIqerFe90x9wVp3vAAkodGHv/B7Xa5f1OAibwkSbtTkw==",
      "dev": true,
      "optional": true
    },
    "lefthook-linux-x64": {
      "version": "1.4.2",
      "resolved": "https://registry.npmjs.org/lefthook-linux-x64/-/lefthook-linux-x64-1.4.2.tgz",
      "integrity": "sha512-huBfLsIPVfdU0jPnGCvJ4e39JdkXKsbb0Dr+fzAhLNhcg6Touo6y/pwDbW5zfeN2hu0EdhzT0p0a28FGsV9dEQ==",
      "dev": true,
      "optional": true
    },
    "lefthook-windows-arm64": {
      "version": "1.4.2",
      "resolved": "https://registry.npmjs.org/lefthook-windows-arm64/-/lefthook-windows-arm64-1.4.2.tgz",
      "integrity": "sha512-vzx6jbyLkAncE7UB3IB9HJqoFFZpGaxnp6zVimvDDOUSAOLKgbF+jJHgXlX8j6kzs/rZAoYmA0oR48dpUcUNQw==",
      "dev": true,
      "optional": true
    },
    "lefthook-windows-x64": {
      "version": "1.4.2",
      "resolved": "https://registry.npmjs.org/lefthook-windows-x64/-/lefthook-windows-x64-1.4.2.tgz",
      "integrity": "sha512-sXTlvUITYzBIpNwlQO6Oa8nIB9GV4cUPmf6wdyPn1dv/1qa1+0ROgeROJzLYj2v+NtiJ2aIHTjaOXiBeoZCISA==",
      "dev": true,
      "optional": true
    },
    "pnpm": {
      "version": "7.18.2",
      "resolved": "https://registry.npmjs.org/pnpm/-/pnpm-7.18.2.tgz",
      "integrity": "sha512-k3LCdsrTPqL4dVgCgjpdWHcwzhEA/YCu2ZFR/+EiFy91azuRQcWgQbYf5rPkYu5x1Dl8+2KtXKTlDcrSx5hnQw==",
      "dev": true
    }
  }
}
